PODS:
  - Alamofire (4.5.0)
  - GoogleMaps (2.3.1):
    - GoogleMaps/Maps (= 2.3.1)
  - GoogleMaps/Base (2.3.1)
  - GoogleMaps/Maps (2.3.1):
    - GoogleMaps/Base
  - GooglePlaces (2.3.1):
    - GoogleMaps/Base (= 2.3.1)

DEPENDENCIES:
  - Alamofire (~> 4.4)
  - GoogleMaps
  - GooglePlaces

SPEC CHECKSUMS:
  Alamofire: f28cdffd29de33a7bfa022cbd63ae95a27fae140
  GoogleMaps: c66a71058b9b1294bcdd5463a68e357fa50c079f
  GooglePlaces: 4a7b22debfa1af65017b82943431822607e45201

PODFILE CHECKSUM: fa4465182d54b559f964b540727bb30e783411d1

COCOAPODS: 1.2.0.rc.1
